speakeasyVersion: 1.708.2
sources:
    Rails PoC API:
        sourceNamespace: rails-po-c-api
        sourceRevisionDigest: sha256:8c54501653a4cdcbcc3227d71a07702c5e2bc6920e7e9501ee0fb35b80ddfcb8
        sourceBlobDigest: sha256:0c0302d51dc934e0d4cb2ff21fc0c343a4646bdf26b9662342f1158d718a3332
        tags:
            - latest
            - speakeasy-sdk-regen-1752854460
            - 1.0.0
targets:
    rails:
        source: Rails Founder API
workflow:
    workflowVersion: 1.0.0
    speakeasyVersion: latest
    sources:
        Rails Founder API:
            inputs:
                - location: ./openapi-founder.yaml
            registry:
                location: registry.speakeasyapi.dev/rails/founder/rails-founder-api
    targets:
        rails:
            target: typescript
            source: Rails Founder API
            publish:
                npm:
                    token: $npm_token
            codeSamples:
                registry:
                    location: registry.speakeasyapi.dev/rails/founder/rails-founder-api-typescript-code-samples
                labelOverride:
                    fixedValue: Typescript (SDK)
                blocking: false
